
Microsoft Visual Studio Solution File, Format Version 12.00
# Visual Studio Version 16
VisualStudioVersion = 16.0.30503.244
MinimumVisualStudioVersion = 10.0.40219.1
Project("{8BC9CEB8-8B4A-11D0-8D11-00A0C91BC942}") = "Polytech", "Polytech.vcxproj", "{5D2253CB-AEB7-4182-ADC7-63726537CC33}"
EndProject
Project("{2150E333-8FDC-42A3-9474-1A3956D46DE8}") = "Solution Items", "Solution Items", "{C22988F1-6627-4BC3-9479-589CA42E8750}"
EndProject
Project("{8BC9CEB8-8B4A-11D0-8D11-00A0C91BC942}") = "Theme1Task1", "..\Theme1Task1\Theme1Task1.vcxproj", "{B4FB6D42-3C0C-44C3-9540-A64E53AA972A}"
EndProject
Project("{8BC9CEB8-8B4A-11D0-8D11-00A0C91BC942}") = "Theme1Task2", "Theme1\Theme1Task2\Theme1Task2.vcxproj", "{AC87D3C1-E0B2-4CB1-B906-D34DABF615EA}"
EndProject
Project("{8BC9CEB8-8B4A-11D0-8D11-00A0C91BC942}") = "Theme1Task3", "Theme1\Theme1Task3\Theme1Task3.vcxproj", "{AF65309B-1739-4CC5-AF1D-A7E1E6C04E53}"
EndProject
Global
	GlobalSection(SolutionConfigurationPlatforms) = preSolution
		Debug|x64 = Debug|x64
		Debug|x86 = Debug|x86
		Release|x64 = Release|x64
		Release|x86 = Release|x86
	EndGlobalSection
	GlobalSection(ProjectConfigurationPlatforms) = postSolution
		{5D2253CB-AEB7-4182-ADC7-63726537CC33}.Debug|x64.ActiveCfg = Debug|x64
		{5D2253CB-AEB7-4182-ADC7-63726537CC33}.Debug|x64.Build.0 = Debug|x64
		{5D2253CB-AEB7-4182-ADC7-63726537CC33}.Debug|x86.ActiveCfg = Debug|Win32
		{5D2253CB-AEB7-4182-ADC7-63726537CC33}.Debug|x86.Build.0 = Debug|Win32
		{5D2253CB-AEB7-4182-ADC7-63726537CC33}.Release|x64.ActiveCfg = Release|x64
		{5D2253CB-AEB7-4182-ADC7-63726537CC33}.Release|x64.Build.0 = Release|x64
		{5D2253CB-AEB7-4182-ADC7-63726537CC33}.Release|x86.ActiveCfg = Release|Win32
		{5D2253CB-AEB7-4182-ADC7-63726537CC33}.Release|x86.Build.0 = Release|Win32
		{B4FB6D42-3C0C-44C3-9540-A64E53AA972A}.Debug|x64.ActiveCfg = Debug|x64
		{B4FB6D42-3C0C-44C3-9540-A64E53AA972A}.Debug|x64.Build.0 = Debug|x64
		{B4FB6D42-3C0C-44C3-9540-A64E53AA972A}.Debug|x86.ActiveCfg = Debug|Win32
		{B4FB6D42-3C0C-44C3-9540-A64E53AA972A}.Debug|x86.Build.0 = Debug|Win32
		{B4FB6D42-3C0C-44C3-9540-A64E53AA972A}.Release|x64.ActiveCfg = Release|x64
		{B4FB6D42-3C0C-44C3-9540-A64E53AA972A}.Release|x64.Build.0 = Release|x64
		{B4FB6D42-3C0C-44C3-9540-A64E53AA972A}.Release|x86.ActiveCfg = Release|Win32
		{B4FB6D42-3C0C-44C3-9540-A64E53AA972A}.Release|x86.Build.0 = Release|Win32
		{AC87D3C1-E0B2-4CB1-B906-D34DABF615EA}.Debug|x64.ActiveCfg = Debug|x64
		{AC87D3C1-E0B2-4CB1-B906-D34DABF615EA}.Debug|x64.Build.0 = Debug|x64
		{AC87D3C1-E0B2-4CB1-B906-D34DABF615EA}.Debug|x86.ActiveCfg = Debug|Win32
		{AC87D3C1-E0B2-4CB1-B906-D34DABF615EA}.Debug|x86.Build.0 = Debug|Win32
		{AC87D3C1-E0B2-4CB1-B906-D34DABF615EA}.Release|x64.ActiveCfg = Release|x64
		{AC87D3C1-E0B2-4CB1-B906-D34DABF615EA}.Release|x64.Build.0 = Release|x64
		{AC87D3C1-E0B2-4CB1-B906-D34DABF615EA}.Release|x86.ActiveCfg = Release|Win32
		{AC87D3C1-E0B2-4CB1-B906-D34DABF615EA}.Release|x86.Build.0 = Release|Win32
		{AF65309B-1739-4CC5-AF1D-A7E1E6C04E53}.Debug|x64.ActiveCfg = Debug|x64
		{AF65309B-1739-4CC5-AF1D-A7E1E6C04E53}.Debug|x64.Build.0 = Debug|x64
		{AF65309B-1739-4CC5-AF1D-A7E1E6C04E53}.Debug|x86.ActiveCfg = Debug|Win32
		{AF65309B-1739-4CC5-AF1D-A7E1E6C04E53}.Debug|x86.Build.0 = Debug|Win32
		{AF65309B-1739-4CC5-AF1D-A7E1E6C04E53}.Release|x64.ActiveCfg = Release|x64
		{AF65309B-1739-4CC5-AF1D-A7E1E6C04E53}.Release|x64.Build.0 = Release|x64
		{AF65309B-1739-4CC5-AF1D-A7E1E6C04E53}.Release|x86.ActiveCfg = Release|Win32
		{AF65309B-1739-4CC5-AF1D-A7E1E6C04E53}.Release|x86.Build.0 = Release|Win32
	EndGlobalSection
	GlobalSection(SolutionProperties) = preSolution
		HideSolutionNode = FALSE
	EndGlobalSection
	GlobalSection(ExtensibilityGlobals) = postSolution
		SolutionGuid = {92072145-CF9B-419B-A4F3-089C0B529180}
	EndGlobalSection
EndGlobal
