
Microsoft Visual Studio Solution File, Format Version 12.00
# Visual Studio Version 16
VisualStudioVersion = 16.0.30517.126
MinimumVisualStudioVersion = 10.0.40219.1
Project("{8BC9CEB8-8B4A-11D0-8D11-00A0C91BC942}") = "Задание 1", "Задание 1\Задание 1.vcxproj", "{0B8401FE-03EB-4B5F-B05E-85488188C21D}"
EndProject
Project("{8BC9CEB8-8B4A-11D0-8D11-00A0C91BC942}") = "Задание 2", "Задание 2\Задание 2.vcxproj", "{7973DD6A-5FE3-4897-B982-141609AB2CA9}"
EndProject
Project("{8BC9CEB8-8B4A-11D0-8D11-00A0C91BC942}") = "Задание 3", "Задание 3\Задание 3.vcxproj", "{39B50A97-544A-41B6-93E1-48A78D7F8712}"
EndProject
Global
	GlobalSection(SolutionConfigurationPlatforms) = preSolution
		Debug|x64 = Debug|x64
		Debug|x86 = Debug|x86
		Release|x64 = Release|x64
		Release|x86 = Release|x86
	EndGlobalSection
	GlobalSection(ProjectConfigurationPlatforms) = postSolution
		{0B8401FE-03EB-4B5F-B05E-85488188C21D}.Debug|x64.ActiveCfg = Debug|x64
		{0B8401FE-03EB-4B5F-B05E-85488188C21D}.Debug|x64.Build.0 = Debug|x64
		{0B8401FE-03EB-4B5F-B05E-85488188C21D}.Debug|x86.ActiveCfg = Debug|Win32
		{0B8401FE-03EB-4B5F-B05E-85488188C21D}.Debug|x86.Build.0 = Debug|Win32
		{0B8401FE-03EB-4B5F-B05E-85488188C21D}.Release|x64.ActiveCfg = Release|x64
		{0B8401FE-03EB-4B5F-B05E-85488188C21D}.Release|x64.Build.0 = Release|x64
		{0B8401FE-03EB-4B5F-B05E-85488188C21D}.Release|x86.ActiveCfg = Release|Win32
		{0B8401FE-03EB-4B5F-B05E-85488188C21D}.Release|x86.Build.0 = Release|Win32
		{7973DD6A-5FE3-4897-B982-141609AB2CA9}.Debug|x64.ActiveCfg = Debug|x64
		{7973DD6A-5FE3-4897-B982-141609AB2CA9}.Debug|x64.Build.0 = Debug|x64
		{7973DD6A-5FE3-4897-B982-141609AB2CA9}.Debug|x86.ActiveCfg = Debug|Win32
		{7973DD6A-5FE3-4897-B982-141609AB2CA9}.Debug|x86.Build.0 = Debug|Win32
		{7973DD6A-5FE3-4897-B982-141609AB2CA9}.Release|x64.ActiveCfg = Release|x64
		{7973DD6A-5FE3-4897-B982-141609AB2CA9}.Release|x64.Build.0 = Release|x64
		{7973DD6A-5FE3-4897-B982-141609AB2CA9}.Release|x86.ActiveCfg = Release|Win32
		{7973DD6A-5FE3-4897-B982-141609AB2CA9}.Release|x86.Build.0 = Release|Win32
		{39B50A97-544A-41B6-93E1-48A78D7F8712}.Debug|x64.ActiveCfg = Debug|x64
		{39B50A97-544A-41B6-93E1-48A78D7F8712}.Debug|x64.Build.0 = Debug|x64
		{39B50A97-544A-41B6-93E1-48A78D7F8712}.Debug|x86.ActiveCfg = Debug|Win32
		{39B50A97-544A-41B6-93E1-48A78D7F8712}.Debug|x86.Build.0 = Debug|Win32
		{39B50A97-544A-41B6-93E1-48A78D7F8712}.Release|x64.ActiveCfg = Release|x64
		{39B50A97-544A-41B6-93E1-48A78D7F8712}.Release|x64.Build.0 = Release|x64
		{39B50A97-544A-41B6-93E1-48A78D7F8712}.Release|x86.ActiveCfg = Release|Win32
		{39B50A97-544A-41B6-93E1-48A78D7F8712}.Release|x86.Build.0 = Release|Win32
	EndGlobalSection
	GlobalSection(SolutionProperties) = preSolution
		HideSolutionNode = FALSE
	EndGlobalSection
	GlobalSection(ExtensibilityGlobals) = postSolution
		SolutionGuid = {F4175C23-0F9E-4239-A0D7-DB71D3687F47}
	EndGlobalSection
EndGlobal
