
Microsoft Visual Studio Solution File, Format Version 12.00
# Visual Studio Version 16
VisualStudioVersion = 16.0.30523.141
MinimumVisualStudioVersion = 10.0.40219.1
Project("{8BC9CEB8-8B4A-11D0-8D11-00A0C91BC942}") = "Задание 1", "Задание 1\Задание 1.vcxproj", "{509E68F3-2D38-4868-9782-EFFE153EB097}"
EndProject
Project("{8BC9CEB8-8B4A-11D0-8D11-00A0C91BC942}") = "Задание 2", "Задание 2\Задание 2.vcxproj", "{FB75EB7D-0CB1-47C9-9B79-F7D051AC9B89}"
EndProject
Project("{8BC9CEB8-8B4A-11D0-8D11-00A0C91BC942}") = "Задание 3", "Задание 3\Задание 3.vcxproj", "{67094BAE-BC7D-49BE-B29F-C25A0785D78F}"
EndProject
Project("{8BC9CEB8-8B4A-11D0-8D11-00A0C91BC942}") = "Задание 4", "Задание 4\Задание 4.vcxproj", "{6834B5BA-1DAA-4A8C-B61A-D2CC8A181DD0}"
EndProject
Global
	GlobalSection(SolutionConfigurationPlatforms) = preSolution
		Debug|x64 = Debug|x64
		Debug|x86 = Debug|x86
		Release|x64 = Release|x64
		Release|x86 = Release|x86
	EndGlobalSection
	GlobalSection(ProjectConfigurationPlatforms) = postSolution
		{509E68F3-2D38-4868-9782-EFFE153EB097}.Debug|x64.ActiveCfg = Debug|x64
		{509E68F3-2D38-4868-9782-EFFE153EB097}.Debug|x64.Build.0 = Debug|x64
		{509E68F3-2D38-4868-9782-EFFE153EB097}.Debug|x86.ActiveCfg = Debug|Win32
		{509E68F3-2D38-4868-9782-EFFE153EB097}.Debug|x86.Build.0 = Debug|Win32
		{509E68F3-2D38-4868-9782-EFFE153EB097}.Release|x64.ActiveCfg = Release|x64
		{509E68F3-2D38-4868-9782-EFFE153EB097}.Release|x64.Build.0 = Release|x64
		{509E68F3-2D38-4868-9782-EFFE153EB097}.Release|x86.ActiveCfg = Release|Win32
		{509E68F3-2D38-4868-9782-EFFE153EB097}.Release|x86.Build.0 = Release|Win32
		{FB75EB7D-0CB1-47C9-9B79-F7D051AC9B89}.Debug|x64.ActiveCfg = Debug|x64
		{FB75EB7D-0CB1-47C9-9B79-F7D051AC9B89}.Debug|x64.Build.0 = Debug|x64
		{FB75EB7D-0CB1-47C9-9B79-F7D051AC9B89}.Debug|x86.ActiveCfg = Debug|Win32
		{FB75EB7D-0CB1-47C9-9B79-F7D051AC9B89}.Debug|x86.Build.0 = Debug|Win32
		{FB75EB7D-0CB1-47C9-9B79-F7D051AC9B89}.Release|x64.ActiveCfg = Release|x64
		{FB75EB7D-0CB1-47C9-9B79-F7D051AC9B89}.Release|x64.Build.0 = Release|x64
		{FB75EB7D-0CB1-47C9-9B79-F7D051AC9B89}.Release|x86.ActiveCfg = Release|Win32
		{FB75EB7D-0CB1-47C9-9B79-F7D051AC9B89}.Release|x86.Build.0 = Release|Win32
		{67094BAE-BC7D-49BE-B29F-C25A0785D78F}.Debug|x64.ActiveCfg = Debug|x64
		{67094BAE-BC7D-49BE-B29F-C25A0785D78F}.Debug|x64.Build.0 = Debug|x64
		{67094BAE-BC7D-49BE-B29F-C25A0785D78F}.Debug|x86.ActiveCfg = Debug|Win32
		{67094BAE-BC7D-49BE-B29F-C25A0785D78F}.Debug|x86.Build.0 = Debug|Win32
		{67094BAE-BC7D-49BE-B29F-C25A0785D78F}.Release|x64.ActiveCfg = Release|x64
		{67094BAE-BC7D-49BE-B29F-C25A0785D78F}.Release|x64.Build.0 = Release|x64
		{67094BAE-BC7D-49BE-B29F-C25A0785D78F}.Release|x86.ActiveCfg = Release|Win32
		{67094BAE-BC7D-49BE-B29F-C25A0785D78F}.Release|x86.Build.0 = Release|Win32
		{6834B5BA-1DAA-4A8C-B61A-D2CC8A181DD0}.Debug|x64.ActiveCfg = Debug|x64
		{6834B5BA-1DAA-4A8C-B61A-D2CC8A181DD0}.Debug|x64.Build.0 = Debug|x64
		{6834B5BA-1DAA-4A8C-B61A-D2CC8A181DD0}.Debug|x86.ActiveCfg = Debug|Win32
		{6834B5BA-1DAA-4A8C-B61A-D2CC8A181DD0}.Debug|x86.Build.0 = Debug|Win32
		{6834B5BA-1DAA-4A8C-B61A-D2CC8A181DD0}.Release|x64.ActiveCfg = Release|x64
		{6834B5BA-1DAA-4A8C-B61A-D2CC8A181DD0}.Release|x64.Build.0 = Release|x64
		{6834B5BA-1DAA-4A8C-B61A-D2CC8A181DD0}.Release|x86.ActiveCfg = Release|Win32
		{6834B5BA-1DAA-4A8C-B61A-D2CC8A181DD0}.Release|x86.Build.0 = Release|Win32
	EndGlobalSection
	GlobalSection(SolutionProperties) = preSolution
		HideSolutionNode = FALSE
	EndGlobalSection
	GlobalSection(ExtensibilityGlobals) = postSolution
		SolutionGuid = {C90C2F9A-9B78-4875-881A-75C1D7261EE5}
	EndGlobalSection
EndGlobal
