
Microsoft Visual Studio Solution File, Format Version 12.00
# Visual Studio Version 16
VisualStudioVersion = 16.0.30517.126
MinimumVisualStudioVersion = 10.0.40219.1
Project("{8BC9CEB8-8B4A-11D0-8D11-00A0C91BC942}") = "Задание 1", "Задание 1\Задание 1.vcxproj", "{DBEBC0AD-204D-41C1-A2A2-01C739FB8BE8}"
EndProject
Project("{8BC9CEB8-8B4A-11D0-8D11-00A0C91BC942}") = "Задание 2", "Задание 2\Задание 2.vcxproj", "{A445E205-B816-4DB0-A7FB-65819F0B26C0}"
EndProject
Project("{8BC9CEB8-8B4A-11D0-8D11-00A0C91BC942}") = "Задание 3", "Задание 3\Задание 3.vcxproj", "{79F4FD1A-0B60-4377-82A0-8095A8087CE1}"
EndProject
Global
	GlobalSection(SolutionConfigurationPlatforms) = preSolution
		Debug|x64 = Debug|x64
		Debug|x86 = Debug|x86
		Release|x64 = Release|x64
		Release|x86 = Release|x86
	EndGlobalSection
	GlobalSection(ProjectConfigurationPlatforms) = postSolution
		{DBEBC0AD-204D-41C1-A2A2-01C739FB8BE8}.Debug|x64.ActiveCfg = Debug|x64
		{DBEBC0AD-204D-41C1-A2A2-01C739FB8BE8}.Debug|x64.Build.0 = Debug|x64
		{DBEBC0AD-204D-41C1-A2A2-01C739FB8BE8}.Debug|x86.ActiveCfg = Debug|Win32
		{DBEBC0AD-204D-41C1-A2A2-01C739FB8BE8}.Debug|x86.Build.0 = Debug|Win32
		{DBEBC0AD-204D-41C1-A2A2-01C739FB8BE8}.Release|x64.ActiveCfg = Release|x64
		{DBEBC0AD-204D-41C1-A2A2-01C739FB8BE8}.Release|x64.Build.0 = Release|x64
		{DBEBC0AD-204D-41C1-A2A2-01C739FB8BE8}.Release|x86.ActiveCfg = Release|Win32
		{DBEBC0AD-204D-41C1-A2A2-01C739FB8BE8}.Release|x86.Build.0 = Release|Win32
		{A445E205-B816-4DB0-A7FB-65819F0B26C0}.Debug|x64.ActiveCfg = Debug|x64
		{A445E205-B816-4DB0-A7FB-65819F0B26C0}.Debug|x64.Build.0 = Debug|x64
		{A445E205-B816-4DB0-A7FB-65819F0B26C0}.Debug|x86.ActiveCfg = Debug|Win32
		{A445E205-B816-4DB0-A7FB-65819F0B26C0}.Debug|x86.Build.0 = Debug|Win32
		{A445E205-B816-4DB0-A7FB-65819F0B26C0}.Release|x64.ActiveCfg = Release|x64
		{A445E205-B816-4DB0-A7FB-65819F0B26C0}.Release|x64.Build.0 = Release|x64
		{A445E205-B816-4DB0-A7FB-65819F0B26C0}.Release|x86.ActiveCfg = Release|Win32
		{A445E205-B816-4DB0-A7FB-65819F0B26C0}.Release|x86.Build.0 = Release|Win32
		{79F4FD1A-0B60-4377-82A0-8095A8087CE1}.Debug|x64.ActiveCfg = Debug|x64
		{79F4FD1A-0B60-4377-82A0-8095A8087CE1}.Debug|x64.Build.0 = Debug|x64
		{79F4FD1A-0B60-4377-82A0-8095A8087CE1}.Debug|x86.ActiveCfg = Debug|Win32
		{79F4FD1A-0B60-4377-82A0-8095A8087CE1}.Debug|x86.Build.0 = Debug|Win32
		{79F4FD1A-0B60-4377-82A0-8095A8087CE1}.Release|x64.ActiveCfg = Release|x64
		{79F4FD1A-0B60-4377-82A0-8095A8087CE1}.Release|x64.Build.0 = Release|x64
		{79F4FD1A-0B60-4377-82A0-8095A8087CE1}.Release|x86.ActiveCfg = Release|Win32
		{79F4FD1A-0B60-4377-82A0-8095A8087CE1}.Release|x86.Build.0 = Release|Win32
	EndGlobalSection
	GlobalSection(SolutionProperties) = preSolution
		HideSolutionNode = FALSE
	EndGlobalSection
	GlobalSection(ExtensibilityGlobals) = postSolution
		SolutionGuid = {3047B685-1A80-4BFB-A6F1-1C989CED373E}
	EndGlobalSection
EndGlobal
