
Microsoft Visual Studio Solution File, Format Version 12.00
# Visual Studio Version 16
VisualStudioVersion = 16.0.30523.141
MinimumVisualStudioVersion = 10.0.40219.1
Project("{8BC9CEB8-8B4A-11D0-8D11-00A0C91BC942}") = "Задание 1", "Задание 1\Задание 1.vcxproj", "{0C59BBF5-DE42-42A8-8797-9992173C6C62}"
EndProject
Project("{8BC9CEB8-8B4A-11D0-8D11-00A0C91BC942}") = "Задание 2", "Задание 2\Задание 2.vcxproj", "{16342D62-B741-48BD-9B5F-4DBFCFC3C48E}"
EndProject
Project("{8BC9CEB8-8B4A-11D0-8D11-00A0C91BC942}") = "Задание 3", "Задание 3\Задание 3.vcxproj", "{B492E27F-13D4-45F3-9AC2-C41CD562DDE4}"
EndProject
Project("{8BC9CEB8-8B4A-11D0-8D11-00A0C91BC942}") = "Задание 4", "Задание 4\Задание 4.vcxproj", "{E640A7FC-5BBA-462B-BEE5-AFF157D742BB}"
EndProject
Global
	GlobalSection(SolutionConfigurationPlatforms) = preSolution
		Debug|x64 = Debug|x64
		Debug|x86 = Debug|x86
		Release|x64 = Release|x64
		Release|x86 = Release|x86
	EndGlobalSection
	GlobalSection(ProjectConfigurationPlatforms) = postSolution
		{0C59BBF5-DE42-42A8-8797-9992173C6C62}.Debug|x64.ActiveCfg = Debug|x64
		{0C59BBF5-DE42-42A8-8797-9992173C6C62}.Debug|x64.Build.0 = Debug|x64
		{0C59BBF5-DE42-42A8-8797-9992173C6C62}.Debug|x86.ActiveCfg = Debug|Win32
		{0C59BBF5-DE42-42A8-8797-9992173C6C62}.Debug|x86.Build.0 = Debug|Win32
		{0C59BBF5-DE42-42A8-8797-9992173C6C62}.Release|x64.ActiveCfg = Release|x64
		{0C59BBF5-DE42-42A8-8797-9992173C6C62}.Release|x64.Build.0 = Release|x64
		{0C59BBF5-DE42-42A8-8797-9992173C6C62}.Release|x86.ActiveCfg = Release|Win32
		{0C59BBF5-DE42-42A8-8797-9992173C6C62}.Release|x86.Build.0 = Release|Win32
		{16342D62-B741-48BD-9B5F-4DBFCFC3C48E}.Debug|x64.ActiveCfg = Debug|x64
		{16342D62-B741-48BD-9B5F-4DBFCFC3C48E}.Debug|x64.Build.0 = Debug|x64
		{16342D62-B741-48BD-9B5F-4DBFCFC3C48E}.Debug|x86.ActiveCfg = Debug|Win32
		{16342D62-B741-48BD-9B5F-4DBFCFC3C48E}.Debug|x86.Build.0 = Debug|Win32
		{16342D62-B741-48BD-9B5F-4DBFCFC3C48E}.Release|x64.ActiveCfg = Release|x64
		{16342D62-B741-48BD-9B5F-4DBFCFC3C48E}.Release|x64.Build.0 = Release|x64
		{16342D62-B741-48BD-9B5F-4DBFCFC3C48E}.Release|x86.ActiveCfg = Release|Win32
		{16342D62-B741-48BD-9B5F-4DBFCFC3C48E}.Release|x86.Build.0 = Release|Win32
		{B492E27F-13D4-45F3-9AC2-C41CD562DDE4}.Debug|x64.ActiveCfg = Debug|x64
		{B492E27F-13D4-45F3-9AC2-C41CD562DDE4}.Debug|x64.Build.0 = Debug|x64
		{B492E27F-13D4-45F3-9AC2-C41CD562DDE4}.Debug|x86.ActiveCfg = Debug|Win32
		{B492E27F-13D4-45F3-9AC2-C41CD562DDE4}.Debug|x86.Build.0 = Debug|Win32
		{B492E27F-13D4-45F3-9AC2-C41CD562DDE4}.Release|x64.ActiveCfg = Release|x64
		{B492E27F-13D4-45F3-9AC2-C41CD562DDE4}.Release|x64.Build.0 = Release|x64
		{B492E27F-13D4-45F3-9AC2-C41CD562DDE4}.Release|x86.ActiveCfg = Release|Win32
		{B492E27F-13D4-45F3-9AC2-C41CD562DDE4}.Release|x86.Build.0 = Release|Win32
		{E640A7FC-5BBA-462B-BEE5-AFF157D742BB}.Debug|x64.ActiveCfg = Debug|x64
		{E640A7FC-5BBA-462B-BEE5-AFF157D742BB}.Debug|x64.Build.0 = Debug|x64
		{E640A7FC-5BBA-462B-BEE5-AFF157D742BB}.Debug|x86.ActiveCfg = Debug|Win32
		{E640A7FC-5BBA-462B-BEE5-AFF157D742BB}.Debug|x86.Build.0 = Debug|Win32
		{E640A7FC-5BBA-462B-BEE5-AFF157D742BB}.Release|x64.ActiveCfg = Release|x64
		{E640A7FC-5BBA-462B-BEE5-AFF157D742BB}.Release|x64.Build.0 = Release|x64
		{E640A7FC-5BBA-462B-BEE5-AFF157D742BB}.Release|x86.ActiveCfg = Release|Win32
		{E640A7FC-5BBA-462B-BEE5-AFF157D742BB}.Release|x86.Build.0 = Release|Win32
	EndGlobalSection
	GlobalSection(SolutionProperties) = preSolution
		HideSolutionNode = FALSE
	EndGlobalSection
	GlobalSection(ExtensibilityGlobals) = postSolution
		SolutionGuid = {74106F30-5AB1-4B56-A5CE-31331F2A020D}
	EndGlobalSection
EndGlobal
