
Microsoft Visual Studio Solution File, Format Version 12.00
# Visual Studio Version 16
VisualStudioVersion = 16.0.30517.126
MinimumVisualStudioVersion = 10.0.40219.1
Project("{8BC9CEB8-8B4A-11D0-8D11-00A0C91BC942}") = "Задание 1", "Задание 1\Задание 1.vcxproj", "{01F36836-3A36-4D44-AA90-5AC4A90B228E}"
EndProject
Project("{8BC9CEB8-8B4A-11D0-8D11-00A0C91BC942}") = "Задание 2", "Задание 2\Задание 2.vcxproj", "{22A6BD73-0239-48C7-8979-5C1B5891C10A}"
EndProject
Project("{8BC9CEB8-8B4A-11D0-8D11-00A0C91BC942}") = "Задание 3", "Задание 3\Задание 3.vcxproj", "{C97696A4-D96C-4D14-956C-139ED313ACFC}"
EndProject
Project("{8BC9CEB8-8B4A-11D0-8D11-00A0C91BC942}") = "Задание 4", "Задание 4\Задание 4.vcxproj", "{13E89481-C1FF-4639-9B62-0DAC85E06D41}"
EndProject
Project("{8BC9CEB8-8B4A-11D0-8D11-00A0C91BC942}") = "Задание 5", "Задание 5\Задание 5.vcxproj", "{FC6C7E54-4E6A-4BB9-AD8A-8E849FD28FB0}"
EndProject
Global
	GlobalSection(SolutionConfigurationPlatforms) = preSolution
		Debug|x64 = Debug|x64
		Debug|x86 = Debug|x86
		Release|x64 = Release|x64
		Release|x86 = Release|x86
	EndGlobalSection
	GlobalSection(ProjectConfigurationPlatforms) = postSolution
		{01F36836-3A36-4D44-AA90-5AC4A90B228E}.Debug|x64.ActiveCfg = Debug|x64
		{01F36836-3A36-4D44-AA90-5AC4A90B228E}.Debug|x64.Build.0 = Debug|x64
		{01F36836-3A36-4D44-AA90-5AC4A90B228E}.Debug|x86.ActiveCfg = Debug|Win32
		{01F36836-3A36-4D44-AA90-5AC4A90B228E}.Debug|x86.Build.0 = Debug|Win32
		{01F36836-3A36-4D44-AA90-5AC4A90B228E}.Release|x64.ActiveCfg = Release|x64
		{01F36836-3A36-4D44-AA90-5AC4A90B228E}.Release|x64.Build.0 = Release|x64
		{01F36836-3A36-4D44-AA90-5AC4A90B228E}.Release|x86.ActiveCfg = Release|Win32
		{01F36836-3A36-4D44-AA90-5AC4A90B228E}.Release|x86.Build.0 = Release|Win32
		{22A6BD73-0239-48C7-8979-5C1B5891C10A}.Debug|x64.ActiveCfg = Debug|x64
		{22A6BD73-0239-48C7-8979-5C1B5891C10A}.Debug|x64.Build.0 = Debug|x64
		{22A6BD73-0239-48C7-8979-5C1B5891C10A}.Debug|x86.ActiveCfg = Debug|Win32
		{22A6BD73-0239-48C7-8979-5C1B5891C10A}.Debug|x86.Build.0 = Debug|Win32
		{22A6BD73-0239-48C7-8979-5C1B5891C10A}.Release|x64.ActiveCfg = Release|x64
		{22A6BD73-0239-48C7-8979-5C1B5891C10A}.Release|x64.Build.0 = Release|x64
		{22A6BD73-0239-48C7-8979-5C1B5891C10A}.Release|x86.ActiveCfg = Release|Win32
		{22A6BD73-0239-48C7-8979-5C1B5891C10A}.Release|x86.Build.0 = Release|Win32
		{C97696A4-D96C-4D14-956C-139ED313ACFC}.Debug|x64.ActiveCfg = Debug|x64
		{C97696A4-D96C-4D14-956C-139ED313ACFC}.Debug|x64.Build.0 = Debug|x64
		{C97696A4-D96C-4D14-956C-139ED313ACFC}.Debug|x86.ActiveCfg = Debug|Win32
		{C97696A4-D96C-4D14-956C-139ED313ACFC}.Debug|x86.Build.0 = Debug|Win32
		{C97696A4-D96C-4D14-956C-139ED313ACFC}.Release|x64.ActiveCfg = Release|x64
		{C97696A4-D96C-4D14-956C-139ED313ACFC}.Release|x64.Build.0 = Release|x64
		{C97696A4-D96C-4D14-956C-139ED313ACFC}.Release|x86.ActiveCfg = Release|Win32
		{C97696A4-D96C-4D14-956C-139ED313ACFC}.Release|x86.Build.0 = Release|Win32
		{13E89481-C1FF-4639-9B62-0DAC85E06D41}.Debug|x64.ActiveCfg = Debug|x64
		{13E89481-C1FF-4639-9B62-0DAC85E06D41}.Debug|x64.Build.0 = Debug|x64
		{13E89481-C1FF-4639-9B62-0DAC85E06D41}.Debug|x86.ActiveCfg = Debug|Win32
		{13E89481-C1FF-4639-9B62-0DAC85E06D41}.Debug|x86.Build.0 = Debug|Win32
		{13E89481-C1FF-4639-9B62-0DAC85E06D41}.Release|x64.ActiveCfg = Release|x64
		{13E89481-C1FF-4639-9B62-0DAC85E06D41}.Release|x64.Build.0 = Release|x64
		{13E89481-C1FF-4639-9B62-0DAC85E06D41}.Release|x86.ActiveCfg = Release|Win32
		{13E89481-C1FF-4639-9B62-0DAC85E06D41}.Release|x86.Build.0 = Release|Win32
		{FC6C7E54-4E6A-4BB9-AD8A-8E849FD28FB0}.Debug|x64.ActiveCfg = Debug|x64
		{FC6C7E54-4E6A-4BB9-AD8A-8E849FD28FB0}.Debug|x64.Build.0 = Debug|x64
		{FC6C7E54-4E6A-4BB9-AD8A-8E849FD28FB0}.Debug|x86.ActiveCfg = Debug|Win32
		{FC6C7E54-4E6A-4BB9-AD8A-8E849FD28FB0}.Debug|x86.Build.0 = Debug|Win32
		{FC6C7E54-4E6A-4BB9-AD8A-8E849FD28FB0}.Release|x64.ActiveCfg = Release|x64
		{FC6C7E54-4E6A-4BB9-AD8A-8E849FD28FB0}.Release|x64.Build.0 = Release|x64
		{FC6C7E54-4E6A-4BB9-AD8A-8E849FD28FB0}.Release|x86.ActiveCfg = Release|Win32
		{FC6C7E54-4E6A-4BB9-AD8A-8E849FD28FB0}.Release|x86.Build.0 = Release|Win32
	EndGlobalSection
	GlobalSection(SolutionProperties) = preSolution
		HideSolutionNode = FALSE
	EndGlobalSection
	GlobalSection(ExtensibilityGlobals) = postSolution
		SolutionGuid = {4D5484A4-B6E3-46DD-9F45-E290241D8F5A}
	EndGlobalSection
EndGlobal
