
Microsoft Visual Studio Solution File, Format Version 12.00
# Visual Studio Version 16
VisualStudioVersion = 16.0.30523.141
MinimumVisualStudioVersion = 10.0.40219.1
Project("{8BC9CEB8-8B4A-11D0-8D11-00A0C91BC942}") = "Задание 1", "Задание 1\Задание 1.vcxproj", "{CDCDD2A2-3B49-44BC-9D88-D9B56AFAEC14}"
EndProject
Project("{8BC9CEB8-8B4A-11D0-8D11-00A0C91BC942}") = "Задание 2", "Задание 2\Задание 2.vcxproj", "{9040958B-0F4D-40E2-97DE-56367CF2A4F0}"
EndProject
Project("{8BC9CEB8-8B4A-11D0-8D11-00A0C91BC942}") = "Задание 3", "Задание 3\Задание 3.vcxproj", "{FF0B7C99-AC61-460D-B72F-A099320C3390}"
EndProject
Project("{8BC9CEB8-8B4A-11D0-8D11-00A0C91BC942}") = "Задание 4", "Задание 4\Задание 4.vcxproj", "{EC841F3F-0BFE-41F2-BBF3-7784E62B103D}"
EndProject
Global
	GlobalSection(SolutionConfigurationPlatforms) = preSolution
		Debug|x64 = Debug|x64
		Debug|x86 = Debug|x86
		Release|x64 = Release|x64
		Release|x86 = Release|x86
	EndGlobalSection
	GlobalSection(ProjectConfigurationPlatforms) = postSolution
		{CDCDD2A2-3B49-44BC-9D88-D9B56AFAEC14}.Debug|x64.ActiveCfg = Debug|x64
		{CDCDD2A2-3B49-44BC-9D88-D9B56AFAEC14}.Debug|x64.Build.0 = Debug|x64
		{CDCDD2A2-3B49-44BC-9D88-D9B56AFAEC14}.Debug|x86.ActiveCfg = Debug|Win32
		{CDCDD2A2-3B49-44BC-9D88-D9B56AFAEC14}.Debug|x86.Build.0 = Debug|Win32
		{CDCDD2A2-3B49-44BC-9D88-D9B56AFAEC14}.Release|x64.ActiveCfg = Release|x64
		{CDCDD2A2-3B49-44BC-9D88-D9B56AFAEC14}.Release|x64.Build.0 = Release|x64
		{CDCDD2A2-3B49-44BC-9D88-D9B56AFAEC14}.Release|x86.ActiveCfg = Release|Win32
		{CDCDD2A2-3B49-44BC-9D88-D9B56AFAEC14}.Release|x86.Build.0 = Release|Win32
		{9040958B-0F4D-40E2-97DE-56367CF2A4F0}.Debug|x64.ActiveCfg = Debug|x64
		{9040958B-0F4D-40E2-97DE-56367CF2A4F0}.Debug|x64.Build.0 = Debug|x64
		{9040958B-0F4D-40E2-97DE-56367CF2A4F0}.Debug|x86.ActiveCfg = Debug|Win32
		{9040958B-0F4D-40E2-97DE-56367CF2A4F0}.Debug|x86.Build.0 = Debug|Win32
		{9040958B-0F4D-40E2-97DE-56367CF2A4F0}.Release|x64.ActiveCfg = Release|x64
		{9040958B-0F4D-40E2-97DE-56367CF2A4F0}.Release|x64.Build.0 = Release|x64
		{9040958B-0F4D-40E2-97DE-56367CF2A4F0}.Release|x86.ActiveCfg = Release|Win32
		{9040958B-0F4D-40E2-97DE-56367CF2A4F0}.Release|x86.Build.0 = Release|Win32
		{FF0B7C99-AC61-460D-B72F-A099320C3390}.Debug|x64.ActiveCfg = Debug|x64
		{FF0B7C99-AC61-460D-B72F-A099320C3390}.Debug|x64.Build.0 = Debug|x64
		{FF0B7C99-AC61-460D-B72F-A099320C3390}.Debug|x86.ActiveCfg = Debug|Win32
		{FF0B7C99-AC61-460D-B72F-A099320C3390}.Debug|x86.Build.0 = Debug|Win32
		{FF0B7C99-AC61-460D-B72F-A099320C3390}.Release|x64.ActiveCfg = Release|x64
		{FF0B7C99-AC61-460D-B72F-A099320C3390}.Release|x64.Build.0 = Release|x64
		{FF0B7C99-AC61-460D-B72F-A099320C3390}.Release|x86.ActiveCfg = Release|Win32
		{FF0B7C99-AC61-460D-B72F-A099320C3390}.Release|x86.Build.0 = Release|Win32
		{EC841F3F-0BFE-41F2-BBF3-7784E62B103D}.Debug|x64.ActiveCfg = Debug|x64
		{EC841F3F-0BFE-41F2-BBF3-7784E62B103D}.Debug|x64.Build.0 = Debug|x64
		{EC841F3F-0BFE-41F2-BBF3-7784E62B103D}.Debug|x86.ActiveCfg = Debug|Win32
		{EC841F3F-0BFE-41F2-BBF3-7784E62B103D}.Debug|x86.Build.0 = Debug|Win32
		{EC841F3F-0BFE-41F2-BBF3-7784E62B103D}.Release|x64.ActiveCfg = Release|x64
		{EC841F3F-0BFE-41F2-BBF3-7784E62B103D}.Release|x64.Build.0 = Release|x64
		{EC841F3F-0BFE-41F2-BBF3-7784E62B103D}.Release|x86.ActiveCfg = Release|Win32
		{EC841F3F-0BFE-41F2-BBF3-7784E62B103D}.Release|x86.Build.0 = Release|Win32
	EndGlobalSection
	GlobalSection(SolutionProperties) = preSolution
		HideSolutionNode = FALSE
	EndGlobalSection
	GlobalSection(ExtensibilityGlobals) = postSolution
		SolutionGuid = {CFC93C18-8F12-4B22-B4E8-3C98722EF638}
	EndGlobalSection
EndGlobal
