
Microsoft Visual Studio Solution File, Format Version 12.00
# Visual Studio Version 16
VisualStudioVersion = 16.0.30517.126
MinimumVisualStudioVersion = 10.0.40219.1
Project("{8BC9CEB8-8B4A-11D0-8D11-00A0C91BC942}") = "Задание 1", "Задание 1\Задание 1.vcxproj", "{C014EB9D-40B0-469A-ABA8-79FE9EC339F1}"
EndProject
Project("{8BC9CEB8-8B4A-11D0-8D11-00A0C91BC942}") = "Задание 2", "Задание 2\Задание 2.vcxproj", "{A8EBEB4A-00A9-4C9A-BB4A-983E5E48DD8A}"
EndProject
Project("{8BC9CEB8-8B4A-11D0-8D11-00A0C91BC942}") = "Задание 3", "Задание 3\Задание 3.vcxproj", "{B1819E9C-E365-4962-84D4-9109C4E757B5}"
EndProject
Project("{8BC9CEB8-8B4A-11D0-8D11-00A0C91BC942}") = "Задание 4", "Задание 4\Задание 4.vcxproj", "{5A21907A-D1E7-4E0A-9BE6-65B0A9C58898}"
EndProject
Global
	GlobalSection(SolutionConfigurationPlatforms) = preSolution
		Debug|x64 = Debug|x64
		Debug|x86 = Debug|x86
		Release|x64 = Release|x64
		Release|x86 = Release|x86
	EndGlobalSection
	GlobalSection(ProjectConfigurationPlatforms) = postSolution
		{C014EB9D-40B0-469A-ABA8-79FE9EC339F1}.Debug|x64.ActiveCfg = Debug|x64
		{C014EB9D-40B0-469A-ABA8-79FE9EC339F1}.Debug|x64.Build.0 = Debug|x64
		{C014EB9D-40B0-469A-ABA8-79FE9EC339F1}.Debug|x86.ActiveCfg = Debug|Win32
		{C014EB9D-40B0-469A-ABA8-79FE9EC339F1}.Debug|x86.Build.0 = Debug|Win32
		{C014EB9D-40B0-469A-ABA8-79FE9EC339F1}.Release|x64.ActiveCfg = Release|x64
		{C014EB9D-40B0-469A-ABA8-79FE9EC339F1}.Release|x64.Build.0 = Release|x64
		{C014EB9D-40B0-469A-ABA8-79FE9EC339F1}.Release|x86.ActiveCfg = Release|Win32
		{C014EB9D-40B0-469A-ABA8-79FE9EC339F1}.Release|x86.Build.0 = Release|Win32
		{A8EBEB4A-00A9-4C9A-BB4A-983E5E48DD8A}.Debug|x64.ActiveCfg = Debug|x64
		{A8EBEB4A-00A9-4C9A-BB4A-983E5E48DD8A}.Debug|x64.Build.0 = Debug|x64
		{A8EBEB4A-00A9-4C9A-BB4A-983E5E48DD8A}.Debug|x86.ActiveCfg = Debug|Win32
		{A8EBEB4A-00A9-4C9A-BB4A-983E5E48DD8A}.Debug|x86.Build.0 = Debug|Win32
		{A8EBEB4A-00A9-4C9A-BB4A-983E5E48DD8A}.Release|x64.ActiveCfg = Release|x64
		{A8EBEB4A-00A9-4C9A-BB4A-983E5E48DD8A}.Release|x64.Build.0 = Release|x64
		{A8EBEB4A-00A9-4C9A-BB4A-983E5E48DD8A}.Release|x86.ActiveCfg = Release|Win32
		{A8EBEB4A-00A9-4C9A-BB4A-983E5E48DD8A}.Release|x86.Build.0 = Release|Win32
		{B1819E9C-E365-4962-84D4-9109C4E757B5}.Debug|x64.ActiveCfg = Debug|x64
		{B1819E9C-E365-4962-84D4-9109C4E757B5}.Debug|x64.Build.0 = Debug|x64
		{B1819E9C-E365-4962-84D4-9109C4E757B5}.Debug|x86.ActiveCfg = Debug|Win32
		{B1819E9C-E365-4962-84D4-9109C4E757B5}.Debug|x86.Build.0 = Debug|Win32
		{B1819E9C-E365-4962-84D4-9109C4E757B5}.Release|x64.ActiveCfg = Release|x64
		{B1819E9C-E365-4962-84D4-9109C4E757B5}.Release|x64.Build.0 = Release|x64
		{B1819E9C-E365-4962-84D4-9109C4E757B5}.Release|x86.ActiveCfg = Release|Win32
		{B1819E9C-E365-4962-84D4-9109C4E757B5}.Release|x86.Build.0 = Release|Win32
		{5A21907A-D1E7-4E0A-9BE6-65B0A9C58898}.Debug|x64.ActiveCfg = Debug|x64
		{5A21907A-D1E7-4E0A-9BE6-65B0A9C58898}.Debug|x64.Build.0 = Debug|x64
		{5A21907A-D1E7-4E0A-9BE6-65B0A9C58898}.Debug|x86.ActiveCfg = Debug|Win32
		{5A21907A-D1E7-4E0A-9BE6-65B0A9C58898}.Debug|x86.Build.0 = Debug|Win32
		{5A21907A-D1E7-4E0A-9BE6-65B0A9C58898}.Release|x64.ActiveCfg = Release|x64
		{5A21907A-D1E7-4E0A-9BE6-65B0A9C58898}.Release|x64.Build.0 = Release|x64
		{5A21907A-D1E7-4E0A-9BE6-65B0A9C58898}.Release|x86.ActiveCfg = Release|Win32
		{5A21907A-D1E7-4E0A-9BE6-65B0A9C58898}.Release|x86.Build.0 = Release|Win32
	EndGlobalSection
	GlobalSection(SolutionProperties) = preSolution
		HideSolutionNode = FALSE
	EndGlobalSection
	GlobalSection(ExtensibilityGlobals) = postSolution
		SolutionGuid = {303B108C-2FE8-47EC-BCEA-892683AA7AAF}
	EndGlobalSection
EndGlobal
