
Microsoft Visual Studio Solution File, Format Version 12.00
# Visual Studio Version 16
VisualStudioVersion = 16.0.30517.126
MinimumVisualStudioVersion = 10.0.40219.1
Project("{8BC9CEB8-8B4A-11D0-8D11-00A0C91BC942}") = "Задание 1", "Задание 1\Задание 1.vcxproj", "{28ED3FE2-714F-4814-959B-0AA2F7AB480B}"
EndProject
Project("{8BC9CEB8-8B4A-11D0-8D11-00A0C91BC942}") = "Задание 2", "Задание 2\Задание 2.vcxproj", "{70C8873F-E610-4744-8E0C-3F8F4DA6BB7F}"
EndProject
Project("{8BC9CEB8-8B4A-11D0-8D11-00A0C91BC942}") = "Задание 3", "Задание 3\Задание 3.vcxproj", "{89A7F58D-57FB-4EB8-81E8-C9C92E441B03}"
EndProject
Project("{8BC9CEB8-8B4A-11D0-8D11-00A0C91BC942}") = "Задание 4", "Задание 4\Задание 4.vcxproj", "{54B38F1C-67AE-4E50-BD34-F5AF6EE7257F}"
EndProject
Project("{8BC9CEB8-8B4A-11D0-8D11-00A0C91BC942}") = "Задание 5", "Задание 5\Задание 5.vcxproj", "{19C0BC44-886A-4FA5-B110-658C5CA41566}"
EndProject
Global
	GlobalSection(SolutionConfigurationPlatforms) = preSolution
		Debug|x64 = Debug|x64
		Debug|x86 = Debug|x86
		Release|x64 = Release|x64
		Release|x86 = Release|x86
	EndGlobalSection
	GlobalSection(ProjectConfigurationPlatforms) = postSolution
		{28ED3FE2-714F-4814-959B-0AA2F7AB480B}.Debug|x64.ActiveCfg = Debug|x64
		{28ED3FE2-714F-4814-959B-0AA2F7AB480B}.Debug|x64.Build.0 = Debug|x64
		{28ED3FE2-714F-4814-959B-0AA2F7AB480B}.Debug|x86.ActiveCfg = Debug|Win32
		{28ED3FE2-714F-4814-959B-0AA2F7AB480B}.Debug|x86.Build.0 = Debug|Win32
		{28ED3FE2-714F-4814-959B-0AA2F7AB480B}.Release|x64.ActiveCfg = Release|x64
		{28ED3FE2-714F-4814-959B-0AA2F7AB480B}.Release|x64.Build.0 = Release|x64
		{28ED3FE2-714F-4814-959B-0AA2F7AB480B}.Release|x86.ActiveCfg = Release|Win32
		{28ED3FE2-714F-4814-959B-0AA2F7AB480B}.Release|x86.Build.0 = Release|Win32
		{70C8873F-E610-4744-8E0C-3F8F4DA6BB7F}.Debug|x64.ActiveCfg = Debug|x64
		{70C8873F-E610-4744-8E0C-3F8F4DA6BB7F}.Debug|x64.Build.0 = Debug|x64
		{70C8873F-E610-4744-8E0C-3F8F4DA6BB7F}.Debug|x86.ActiveCfg = Debug|Win32
		{70C8873F-E610-4744-8E0C-3F8F4DA6BB7F}.Debug|x86.Build.0 = Debug|Win32
		{70C8873F-E610-4744-8E0C-3F8F4DA6BB7F}.Release|x64.ActiveCfg = Release|x64
		{70C8873F-E610-4744-8E0C-3F8F4DA6BB7F}.Release|x64.Build.0 = Release|x64
		{70C8873F-E610-4744-8E0C-3F8F4DA6BB7F}.Release|x86.ActiveCfg = Release|Win32
		{70C8873F-E610-4744-8E0C-3F8F4DA6BB7F}.Release|x86.Build.0 = Release|Win32
		{89A7F58D-57FB-4EB8-81E8-C9C92E441B03}.Debug|x64.ActiveCfg = Debug|x64
		{89A7F58D-57FB-4EB8-81E8-C9C92E441B03}.Debug|x64.Build.0 = Debug|x64
		{89A7F58D-57FB-4EB8-81E8-C9C92E441B03}.Debug|x86.ActiveCfg = Debug|Win32
		{89A7F58D-57FB-4EB8-81E8-C9C92E441B03}.Debug|x86.Build.0 = Debug|Win32
		{89A7F58D-57FB-4EB8-81E8-C9C92E441B03}.Release|x64.ActiveCfg = Release|x64
		{89A7F58D-57FB-4EB8-81E8-C9C92E441B03}.Release|x64.Build.0 = Release|x64
		{89A7F58D-57FB-4EB8-81E8-C9C92E441B03}.Release|x86.ActiveCfg = Release|Win32
		{89A7F58D-57FB-4EB8-81E8-C9C92E441B03}.Release|x86.Build.0 = Release|Win32
		{54B38F1C-67AE-4E50-BD34-F5AF6EE7257F}.Debug|x64.ActiveCfg = Debug|x64
		{54B38F1C-67AE-4E50-BD34-F5AF6EE7257F}.Debug|x64.Build.0 = Debug|x64
		{54B38F1C-67AE-4E50-BD34-F5AF6EE7257F}.Debug|x86.ActiveCfg = Debug|Win32
		{54B38F1C-67AE-4E50-BD34-F5AF6EE7257F}.Debug|x86.Build.0 = Debug|Win32
		{54B38F1C-67AE-4E50-BD34-F5AF6EE7257F}.Release|x64.ActiveCfg = Release|x64
		{54B38F1C-67AE-4E50-BD34-F5AF6EE7257F}.Release|x64.Build.0 = Release|x64
		{54B38F1C-67AE-4E50-BD34-F5AF6EE7257F}.Release|x86.ActiveCfg = Release|Win32
		{54B38F1C-67AE-4E50-BD34-F5AF6EE7257F}.Release|x86.Build.0 = Release|Win32
		{19C0BC44-886A-4FA5-B110-658C5CA41566}.Debug|x64.ActiveCfg = Debug|x64
		{19C0BC44-886A-4FA5-B110-658C5CA41566}.Debug|x64.Build.0 = Debug|x64
		{19C0BC44-886A-4FA5-B110-658C5CA41566}.Debug|x86.ActiveCfg = Debug|Win32
		{19C0BC44-886A-4FA5-B110-658C5CA41566}.Debug|x86.Build.0 = Debug|Win32
		{19C0BC44-886A-4FA5-B110-658C5CA41566}.Release|x64.ActiveCfg = Release|x64
		{19C0BC44-886A-4FA5-B110-658C5CA41566}.Release|x64.Build.0 = Release|x64
		{19C0BC44-886A-4FA5-B110-658C5CA41566}.Release|x86.ActiveCfg = Release|Win32
		{19C0BC44-886A-4FA5-B110-658C5CA41566}.Release|x86.Build.0 = Release|Win32
	EndGlobalSection
	GlobalSection(SolutionProperties) = preSolution
		HideSolutionNode = FALSE
	EndGlobalSection
	GlobalSection(ExtensibilityGlobals) = postSolution
		SolutionGuid = {8957F505-2608-4071-8136-7AD4C3A93388}
	EndGlobalSection
EndGlobal
