
Microsoft Visual Studio Solution File, Format Version 12.00
# Visual Studio Version 16
VisualStudioVersion = 16.0.30611.23
MinimumVisualStudioVersion = 10.0.40219.1
Project("{8BC9CEB8-8B4A-11D0-8D11-00A0C91BC942}") = "Задание 1", "Задание 1\Задание 1.vcxproj", "{BE0ABCE7-7603-47F5-A679-826BAA56269D}"
EndProject
Project("{8BC9CEB8-8B4A-11D0-8D11-00A0C91BC942}") = "Задание 2", "Задание 2\Задание 2.vcxproj", "{00D151F9-B731-449C-92CA-106ABA9EC021}"
EndProject
Project("{8BC9CEB8-8B4A-11D0-8D11-00A0C91BC942}") = "Задание 3", "Задание 3\Задание 3.vcxproj", "{75D72E5D-CA52-4A74-8715-A5A963BD683D}"
EndProject
Project("{8BC9CEB8-8B4A-11D0-8D11-00A0C91BC942}") = "Задание 4", "Задание 4\Задание 4.vcxproj", "{4B1F7E87-D3B9-42D4-BA15-6DD1A0D96F4A}"
EndProject
Global
	GlobalSection(SolutionConfigurationPlatforms) = preSolution
		Debug|x64 = Debug|x64
		Debug|x86 = Debug|x86
		Release|x64 = Release|x64
		Release|x86 = Release|x86
	EndGlobalSection
	GlobalSection(ProjectConfigurationPlatforms) = postSolution
		{BE0ABCE7-7603-47F5-A679-826BAA56269D}.Debug|x64.ActiveCfg = Debug|x64
		{BE0ABCE7-7603-47F5-A679-826BAA56269D}.Debug|x64.Build.0 = Debug|x64
		{BE0ABCE7-7603-47F5-A679-826BAA56269D}.Debug|x86.ActiveCfg = Debug|Win32
		{BE0ABCE7-7603-47F5-A679-826BAA56269D}.Debug|x86.Build.0 = Debug|Win32
		{BE0ABCE7-7603-47F5-A679-826BAA56269D}.Release|x64.ActiveCfg = Release|x64
		{BE0ABCE7-7603-47F5-A679-826BAA56269D}.Release|x64.Build.0 = Release|x64
		{BE0ABCE7-7603-47F5-A679-826BAA56269D}.Release|x86.ActiveCfg = Release|Win32
		{BE0ABCE7-7603-47F5-A679-826BAA56269D}.Release|x86.Build.0 = Release|Win32
		{00D151F9-B731-449C-92CA-106ABA9EC021}.Debug|x64.ActiveCfg = Debug|x64
		{00D151F9-B731-449C-92CA-106ABA9EC021}.Debug|x64.Build.0 = Debug|x64
		{00D151F9-B731-449C-92CA-106ABA9EC021}.Debug|x86.ActiveCfg = Debug|Win32
		{00D151F9-B731-449C-92CA-106ABA9EC021}.Debug|x86.Build.0 = Debug|Win32
		{00D151F9-B731-449C-92CA-106ABA9EC021}.Release|x64.ActiveCfg = Release|x64
		{00D151F9-B731-449C-92CA-106ABA9EC021}.Release|x64.Build.0 = Release|x64
		{00D151F9-B731-449C-92CA-106ABA9EC021}.Release|x86.ActiveCfg = Release|Win32
		{00D151F9-B731-449C-92CA-106ABA9EC021}.Release|x86.Build.0 = Release|Win32
		{75D72E5D-CA52-4A74-8715-A5A963BD683D}.Debug|x64.ActiveCfg = Debug|x64
		{75D72E5D-CA52-4A74-8715-A5A963BD683D}.Debug|x64.Build.0 = Debug|x64
		{75D72E5D-CA52-4A74-8715-A5A963BD683D}.Debug|x86.ActiveCfg = Debug|Win32
		{75D72E5D-CA52-4A74-8715-A5A963BD683D}.Debug|x86.Build.0 = Debug|Win32
		{75D72E5D-CA52-4A74-8715-A5A963BD683D}.Release|x64.ActiveCfg = Release|x64
		{75D72E5D-CA52-4A74-8715-A5A963BD683D}.Release|x64.Build.0 = Release|x64
		{75D72E5D-CA52-4A74-8715-A5A963BD683D}.Release|x86.ActiveCfg = Release|Win32
		{75D72E5D-CA52-4A74-8715-A5A963BD683D}.Release|x86.Build.0 = Release|Win32
		{4B1F7E87-D3B9-42D4-BA15-6DD1A0D96F4A}.Debug|x64.ActiveCfg = Debug|x64
		{4B1F7E87-D3B9-42D4-BA15-6DD1A0D96F4A}.Debug|x64.Build.0 = Debug|x64
		{4B1F7E87-D3B9-42D4-BA15-6DD1A0D96F4A}.Debug|x86.ActiveCfg = Debug|Win32
		{4B1F7E87-D3B9-42D4-BA15-6DD1A0D96F4A}.Debug|x86.Build.0 = Debug|Win32
		{4B1F7E87-D3B9-42D4-BA15-6DD1A0D96F4A}.Release|x64.ActiveCfg = Release|x64
		{4B1F7E87-D3B9-42D4-BA15-6DD1A0D96F4A}.Release|x64.Build.0 = Release|x64
		{4B1F7E87-D3B9-42D4-BA15-6DD1A0D96F4A}.Release|x86.ActiveCfg = Release|Win32
		{4B1F7E87-D3B9-42D4-BA15-6DD1A0D96F4A}.Release|x86.Build.0 = Release|Win32
	EndGlobalSection
	GlobalSection(SolutionProperties) = preSolution
		HideSolutionNode = FALSE
	EndGlobalSection
	GlobalSection(ExtensibilityGlobals) = postSolution
		SolutionGuid = {E1EC090E-E492-4236-BB17-89364A5EA746}
	EndGlobalSection
EndGlobal
