
Microsoft Visual Studio Solution File, Format Version 12.00
# Visual Studio Version 16
VisualStudioVersion = 16.0.30523.141
MinimumVisualStudioVersion = 10.0.40219.1
Project("{8BC9CEB8-8B4A-11D0-8D11-00A0C91BC942}") = "Задание 1", "Задание 1\Задание 1.vcxproj", "{AACBD4FA-AB6D-468C-A88F-A54FF05137C8}"
EndProject
Project("{8BC9CEB8-8B4A-11D0-8D11-00A0C91BC942}") = "Задание 2", "Задание 2\Задание 2.vcxproj", "{519CB6BB-5592-453F-8C6C-E2A6304B5198}"
EndProject
Project("{8BC9CEB8-8B4A-11D0-8D11-00A0C91BC942}") = "Задание 3", "Задание 3\Задание 3.vcxproj", "{07558A3A-2131-4A4E-9A97-8DA716C5924A}"
EndProject
Project("{8BC9CEB8-8B4A-11D0-8D11-00A0C91BC942}") = "Задание 4", "Задание 4\Задание 4.vcxproj", "{4A0361A9-A18D-4893-9C2B-0F1F81EEAA13}"
EndProject
Global
	GlobalSection(SolutionConfigurationPlatforms) = preSolution
		Debug|x64 = Debug|x64
		Debug|x86 = Debug|x86
		Release|x64 = Release|x64
		Release|x86 = Release|x86
	EndGlobalSection
	GlobalSection(ProjectConfigurationPlatforms) = postSolution
		{AACBD4FA-AB6D-468C-A88F-A54FF05137C8}.Debug|x64.ActiveCfg = Debug|x64
		{AACBD4FA-AB6D-468C-A88F-A54FF05137C8}.Debug|x64.Build.0 = Debug|x64
		{AACBD4FA-AB6D-468C-A88F-A54FF05137C8}.Debug|x86.ActiveCfg = Debug|Win32
		{AACBD4FA-AB6D-468C-A88F-A54FF05137C8}.Debug|x86.Build.0 = Debug|Win32
		{AACBD4FA-AB6D-468C-A88F-A54FF05137C8}.Release|x64.ActiveCfg = Release|x64
		{AACBD4FA-AB6D-468C-A88F-A54FF05137C8}.Release|x64.Build.0 = Release|x64
		{AACBD4FA-AB6D-468C-A88F-A54FF05137C8}.Release|x86.ActiveCfg = Release|Win32
		{AACBD4FA-AB6D-468C-A88F-A54FF05137C8}.Release|x86.Build.0 = Release|Win32
		{519CB6BB-5592-453F-8C6C-E2A6304B5198}.Debug|x64.ActiveCfg = Debug|x64
		{519CB6BB-5592-453F-8C6C-E2A6304B5198}.Debug|x64.Build.0 = Debug|x64
		{519CB6BB-5592-453F-8C6C-E2A6304B5198}.Debug|x86.ActiveCfg = Debug|Win32
		{519CB6BB-5592-453F-8C6C-E2A6304B5198}.Debug|x86.Build.0 = Debug|Win32
		{519CB6BB-5592-453F-8C6C-E2A6304B5198}.Release|x64.ActiveCfg = Release|x64
		{519CB6BB-5592-453F-8C6C-E2A6304B5198}.Release|x64.Build.0 = Release|x64
		{519CB6BB-5592-453F-8C6C-E2A6304B5198}.Release|x86.ActiveCfg = Release|Win32
		{519CB6BB-5592-453F-8C6C-E2A6304B5198}.Release|x86.Build.0 = Release|Win32
		{07558A3A-2131-4A4E-9A97-8DA716C5924A}.Debug|x64.ActiveCfg = Debug|x64
		{07558A3A-2131-4A4E-9A97-8DA716C5924A}.Debug|x64.Build.0 = Debug|x64
		{07558A3A-2131-4A4E-9A97-8DA716C5924A}.Debug|x86.ActiveCfg = Debug|Win32
		{07558A3A-2131-4A4E-9A97-8DA716C5924A}.Debug|x86.Build.0 = Debug|Win32
		{07558A3A-2131-4A4E-9A97-8DA716C5924A}.Release|x64.ActiveCfg = Release|x64
		{07558A3A-2131-4A4E-9A97-8DA716C5924A}.Release|x64.Build.0 = Release|x64
		{07558A3A-2131-4A4E-9A97-8DA716C5924A}.Release|x86.ActiveCfg = Release|Win32
		{07558A3A-2131-4A4E-9A97-8DA716C5924A}.Release|x86.Build.0 = Release|Win32
		{4A0361A9-A18D-4893-9C2B-0F1F81EEAA13}.Debug|x64.ActiveCfg = Debug|x64
		{4A0361A9-A18D-4893-9C2B-0F1F81EEAA13}.Debug|x64.Build.0 = Debug|x64
		{4A0361A9-A18D-4893-9C2B-0F1F81EEAA13}.Debug|x86.ActiveCfg = Debug|Win32
		{4A0361A9-A18D-4893-9C2B-0F1F81EEAA13}.Debug|x86.Build.0 = Debug|Win32
		{4A0361A9-A18D-4893-9C2B-0F1F81EEAA13}.Release|x64.ActiveCfg = Release|x64
		{4A0361A9-A18D-4893-9C2B-0F1F81EEAA13}.Release|x64.Build.0 = Release|x64
		{4A0361A9-A18D-4893-9C2B-0F1F81EEAA13}.Release|x86.ActiveCfg = Release|Win32
		{4A0361A9-A18D-4893-9C2B-0F1F81EEAA13}.Release|x86.Build.0 = Release|Win32
	EndGlobalSection
	GlobalSection(SolutionProperties) = preSolution
		HideSolutionNode = FALSE
	EndGlobalSection
	GlobalSection(ExtensibilityGlobals) = postSolution
		SolutionGuid = {828F7029-37E5-462F-8AF7-4C3E04904286}
	EndGlobalSection
EndGlobal
